# Code generated by scarb DO NOT EDIT.
version = 1

[[package]]
name = "ddd"
version = "0.1.0"
dependencies = [
 "ekubo",
 "pragma_lib",
 "snforge_std",
]

[[package]]
name = "ekubo"
version = "0.1.0"
source = "git+https://github.com/ekuboprotocol/abis#8b78aa4411cde93acfac3cfab0a83e6eeac86c97"

[[package]]
name = "pragma_lib"
version = "1.0.0"
source = "git+https://github.com/astraly-labs/pragma-lib#2eca9b70dc505788423da1eedbf2d65563cc3102"

[[package]]
name = "snforge_std"
version = "0.22.0"
source = "git+https://github.com/foundry-rs/starknet-foundry?tag=v0.22.0#9b215944c6c5871c738381b4ded61bbf06e7ba35"
